
Microsoft Visual Studio Solution File, Format Version 12.00
# Visual Studio 15
VisualStudioVersion = 15.0.28307.902
MinimumVisualStudioVersion = 10.0.40219.1
Project("{159641D6-6404-4A2A-AE62-294DE0FE8301}") = "ETL 01", "ETL 01\ETL 01.dtproj", "{E3355C21-77C9-4034-88F6-CFC8CC9F1260}"
EndProject
Global
	GlobalSection(SolutionConfigurationPlatforms) = preSolution
		Development|Default = Development|Default
	EndGlobalSection
	GlobalSection(ProjectConfigurationPlatforms) = postSolution
		{E3355C21-77C9-4034-88F6-CFC8CC9F1260}.Development|Default.ActiveCfg = Development
		{E3355C21-77C9-4034-88F6-CFC8CC9F1260}.Development|Default.Build.0 = Development
	EndGlobalSection
	GlobalSection(SolutionProperties) = preSolution
		HideSolutionNode = FALSE
	EndGlobalSection
	GlobalSection(ExtensibilityGlobals) = postSolution
		SolutionGuid = {6381292F-D6D8-4DDD-BB67-9FDC88FD4340}
	EndGlobalSection
EndGlobal
