
Microsoft Visual Studio Solution File, Format Version 12.00
# Visual Studio 14
VisualStudioVersion = 14.0.23107.0
MinimumVisualStudioVersion = 10.0.40219.1
Project("{159641D6-6404-4A2A-AE62-294DE0FE8301}") = "PrimerProyectoETL", "PrimerProyectoETL\PrimerProyectoETL.dtproj", "{E37BA65C-F7A7-4268-BF9C-18E7E90BEE54}"
EndProject
Global
	GlobalSection(SolutionConfigurationPlatforms) = preSolution
		Development|Default = Development|Default
	EndGlobalSection
	GlobalSection(ProjectConfigurationPlatforms) = postSolution
		{E37BA65C-F7A7-4268-BF9C-18E7E90BEE54}.Development|Default.ActiveCfg = Development
		{E37BA65C-F7A7-4268-BF9C-18E7E90BEE54}.Development|Default.Build.0 = Development
	EndGlobalSection
	GlobalSection(SolutionProperties) = preSolution
		HideSolutionNode = FALSE
	EndGlobalSection
EndGlobal
